
Microsoft Visual Studio Solution File, Format Version 12.00
# Visual Studio Version 16
VisualStudioVersion = 16.0.29102.190
MinimumVisualStudioVersion = 10.0.40219.1
Project("{8BC9CEB8-8B4A-11D0-8D11-00A0C91BC942}") = "MakeAPiano", "MakeAPiano\MakeAPiano.vcxproj", "{51ADBEAC-A544-484A-B51C-D8E3A2F55108}"
EndProject
Project("{8BC9CEB8-8B4A-11D0-8D11-00A0C91BC942}") = "Cryptography", "Cryptography\Cryptography.vcxproj", "{3DB477A5-CECA-454A-9EED-CC2C4AA5C21D}"
EndProject
Project("{8BC9CEB8-8B4A-11D0-8D11-00A0C91BC942}") = "Life_Income", "Life_Income\Life_Income.vcxproj", "{9B850E8A-6BCD-4A4B-863E-7FD34653276D}"
EndProject
Project("{8BC9CEB8-8B4A-11D0-8D11-00A0C91BC942}") = "monte_carlo", "monte_carlo\monte_carlo.vcxproj", "{B37F643B-0468-43FF-98ED-EDD6D73A4362}"
EndProject
Project("{8BC9CEB8-8B4A-11D0-8D11-00A0C91BC942}") = "New_Lifetime_Earning", "New_Lifetime_Earning\New_Lifetime_Earning.vcxproj", "{9336BA56-E276-4DF2-917F-BCDE26E65826}"
EndProject
Global
	GlobalSection(SolutionConfigurationPlatforms) = preSolution
		Debug|x64 = Debug|x64
		Debug|x86 = Debug|x86
		Release|x64 = Release|x64
		Release|x86 = Release|x86
	EndGlobalSection
	GlobalSection(ProjectConfigurationPlatforms) = postSolution
		{51ADBEAC-A544-484A-B51C-D8E3A2F55108}.Debug|x64.ActiveCfg = Debug|x64
		{51ADBEAC-A544-484A-B51C-D8E3A2F55108}.Debug|x64.Build.0 = Debug|x64
		{51ADBEAC-A544-484A-B51C-D8E3A2F55108}.Debug|x86.ActiveCfg = Debug|Win32
		{51ADBEAC-A544-484A-B51C-D8E3A2F55108}.Debug|x86.Build.0 = Debug|Win32
		{51ADBEAC-A544-484A-B51C-D8E3A2F55108}.Release|x64.ActiveCfg = Release|x64
		{51ADBEAC-A544-484A-B51C-D8E3A2F55108}.Release|x64.Build.0 = Release|x64
		{51ADBEAC-A544-484A-B51C-D8E3A2F55108}.Release|x86.ActiveCfg = Release|Win32
		{51ADBEAC-A544-484A-B51C-D8E3A2F55108}.Release|x86.Build.0 = Release|Win32
		{3DB477A5-CECA-454A-9EED-CC2C4AA5C21D}.Debug|x64.ActiveCfg = Debug|x64
		{3DB477A5-CECA-454A-9EED-CC2C4AA5C21D}.Debug|x64.Build.0 = Debug|x64
		{3DB477A5-CECA-454A-9EED-CC2C4AA5C21D}.Debug|x86.ActiveCfg = Debug|Win32
		{3DB477A5-CECA-454A-9EED-CC2C4AA5C21D}.Debug|x86.Build.0 = Debug|Win32
		{3DB477A5-CECA-454A-9EED-CC2C4AA5C21D}.Release|x64.ActiveCfg = Release|x64
		{3DB477A5-CECA-454A-9EED-CC2C4AA5C21D}.Release|x64.Build.0 = Release|x64
		{3DB477A5-CECA-454A-9EED-CC2C4AA5C21D}.Release|x86.ActiveCfg = Release|Win32
		{3DB477A5-CECA-454A-9EED-CC2C4AA5C21D}.Release|x86.Build.0 = Release|Win32
		{9B850E8A-6BCD-4A4B-863E-7FD34653276D}.Debug|x64.ActiveCfg = Debug|x64
		{9B850E8A-6BCD-4A4B-863E-7FD34653276D}.Debug|x64.Build.0 = Debug|x64
		{9B850E8A-6BCD-4A4B-863E-7FD34653276D}.Debug|x86.ActiveCfg = Debug|Win32
		{9B850E8A-6BCD-4A4B-863E-7FD34653276D}.Debug|x86.Build.0 = Debug|Win32
		{9B850E8A-6BCD-4A4B-863E-7FD34653276D}.Release|x64.ActiveCfg = Release|x64
		{9B850E8A-6BCD-4A4B-863E-7FD34653276D}.Release|x64.Build.0 = Release|x64
		{9B850E8A-6BCD-4A4B-863E-7FD34653276D}.Release|x86.ActiveCfg = Release|Win32
		{9B850E8A-6BCD-4A4B-863E-7FD34653276D}.Release|x86.Build.0 = Release|Win32
		{B37F643B-0468-43FF-98ED-EDD6D73A4362}.Debug|x64.ActiveCfg = Debug|x64
		{B37F643B-0468-43FF-98ED-EDD6D73A4362}.Debug|x64.Build.0 = Debug|x64
		{B37F643B-0468-43FF-98ED-EDD6D73A4362}.Debug|x86.ActiveCfg = Debug|Win32
		{B37F643B-0468-43FF-98ED-EDD6D73A4362}.Debug|x86.Build.0 = Debug|Win32
		{B37F643B-0468-43FF-98ED-EDD6D73A4362}.Release|x64.ActiveCfg = Release|x64
		{B37F643B-0468-43FF-98ED-EDD6D73A4362}.Release|x64.Build.0 = Release|x64
		{B37F643B-0468-43FF-98ED-EDD6D73A4362}.Release|x86.ActiveCfg = Release|Win32
		{B37F643B-0468-43FF-98ED-EDD6D73A4362}.Release|x86.Build.0 = Release|Win32
		{9336BA56-E276-4DF2-917F-BCDE26E65826}.Debug|x64.ActiveCfg = Debug|x64
		{9336BA56-E276-4DF2-917F-BCDE26E65826}.Debug|x64.Build.0 = Debug|x64
		{9336BA56-E276-4DF2-917F-BCDE26E65826}.Debug|x86.ActiveCfg = Debug|Win32
		{9336BA56-E276-4DF2-917F-BCDE26E65826}.Debug|x86.Build.0 = Debug|Win32
		{9336BA56-E276-4DF2-917F-BCDE26E65826}.Release|x64.ActiveCfg = Release|x64
		{9336BA56-E276-4DF2-917F-BCDE26E65826}.Release|x64.Build.0 = Release|x64
		{9336BA56-E276-4DF2-917F-BCDE26E65826}.Release|x86.ActiveCfg = Release|Win32
		{9336BA56-E276-4DF2-917F-BCDE26E65826}.Release|x86.Build.0 = Release|Win32
	EndGlobalSection
	GlobalSection(SolutionProperties) = preSolution
		HideSolutionNode = FALSE
	EndGlobalSection
	GlobalSection(ExtensibilityGlobals) = postSolution
		SolutionGuid = {3D5CE682-D69A-4123-9C79-619468924D93}
	EndGlobalSection
EndGlobal
